
Microsoft Visual Studio Solution File, Format Version 12.00
# Visual Studio Version 17
VisualStudioVersion = 17.8.34511.84
MinimumVisualStudioVersion = 10.0.40219.1
Project("{FAE04EC0-301F-11D3-BF4B-00C04F79EFBC}") = "gallows", "gallows\gallows.csproj", "{5FC1F077-EFC5-4113-BFA9-7EC7DCDBAFB2}"
EndProject
Global
	GlobalSection(SolutionConfigurationPlatforms) = preSolution
		Debug|Any CPU = Debug|Any CPU
		Release|Any CPU = Release|Any CPU
	EndGlobalSection
	GlobalSection(ProjectConfigurationPlatforms) = postSolution
		{5FC1F077-EFC5-4113-BFA9-7EC7DCDBAFB2}.Debug|Any CPU.ActiveCfg = Debug|Any CPU
		{5FC1F077-EFC5-4113-BFA9-7EC7DCDBAFB2}.Debug|Any CPU.Build.0 = Debug|Any CPU
		{5FC1F077-EFC5-4113-BFA9-7EC7DCDBAFB2}.Release|Any CPU.ActiveCfg = Release|Any CPU
		{5FC1F077-EFC5-4113-BFA9-7EC7DCDBAFB2}.Release|Any CPU.Build.0 = Release|Any CPU
	EndGlobalSection
	GlobalSection(SolutionProperties) = preSolution
		HideSolutionNode = FALSE
	EndGlobalSection
	GlobalSection(ExtensibilityGlobals) = postSolution
		SolutionGuid = {68324A80-85A2-4F5B-BEA9-2C4ADD99D895}
	EndGlobalSection
EndGlobal
